
Microsoft Visual Studio Solution File, Format Version 12.00
# Visual Studio Version 17
VisualStudioVersion = 17.4.33110.190
MinimumVisualStudioVersion = 10.0.40219.1
Project("{FAE04EC0-301F-11D3-BF4B-00C04F79EFBC}") = "Elite_Dangerous_Add_On_Helper", "Elite Dangerous Addd On Helper\Elite_Dangerous_Add_On_Helper.csproj", "{59C38221-7FDC-4164-9D5A-FDA4111C9EA8}"
EndProject
Global
	GlobalSection(SolutionConfigurationPlatforms) = preSolution
		Debug|Any CPU = Debug|Any CPU
		Release|Any CPU = Release|Any CPU
	EndGlobalSection
	GlobalSection(ProjectConfigurationPlatforms) = postSolution
		{59C38221-7FDC-4164-9D5A-FDA4111C9EA8}.Debug|Any CPU.ActiveCfg = Debug|Any CPU
		{59C38221-7FDC-4164-9D5A-FDA4111C9EA8}.Debug|Any CPU.Build.0 = Debug|Any CPU
		{59C38221-7FDC-4164-9D5A-FDA4111C9EA8}.Release|Any CPU.ActiveCfg = Release|Any CPU
		{59C38221-7FDC-4164-9D5A-FDA4111C9EA8}.Release|Any CPU.Build.0 = Release|Any CPU
	EndGlobalSection
	GlobalSection(SolutionProperties) = preSolution
		HideSolutionNode = FALSE
	EndGlobalSection
	GlobalSection(ExtensibilityGlobals) = postSolution
		SolutionGuid = {4A59B4B2-0F9B-4767-B633-EF2ABB590B77}
	EndGlobalSection
EndGlobal
